
Microsoft Visual Studio Solution File, Format Version 12.00
# Visual Studio Version 16
VisualStudioVersion = 16.0.31424.327
MinimumVisualStudioVersion = 10.0.40219.1
Project("{FAE04EC0-301F-11D3-BF4B-00C04F79EFBC}") = "TestJenkins", "TestJenkins\TestJenkins.csproj", "{8B342923-795E-46B6-958B-E88AAFC1650F}"
EndProject
Global
	GlobalSection(SolutionConfigurationPlatforms) = preSolution
		Debug|Any CPU = Debug|Any CPU
		Release|Any CPU = Release|Any CPU
	EndGlobalSection
	GlobalSection(ProjectConfigurationPlatforms) = postSolution
		{8B342923-795E-46B6-958B-E88AAFC1650F}.Debug|Any CPU.ActiveCfg = Debug|Any CPU
		{8B342923-795E-46B6-958B-E88AAFC1650F}.Debug|Any CPU.Build.0 = Debug|Any CPU
		{8B342923-795E-46B6-958B-E88AAFC1650F}.Release|Any CPU.ActiveCfg = Release|Any CPU
		{8B342923-795E-46B6-958B-E88AAFC1650F}.Release|Any CPU.Build.0 = Release|Any CPU
	EndGlobalSection
	GlobalSection(SolutionProperties) = preSolution
		HideSolutionNode = FALSE
	EndGlobalSection
	GlobalSection(ExtensibilityGlobals) = postSolution
		SolutionGuid = {78AB7D6F-F995-489A-8531-A032222BAACC}
	EndGlobalSection
EndGlobal
